// !$*UTF8*$!
{
	archiveVersion = 1;
	classes = {
	};
	objectVersion = 50;
	objects = {

/* Begin PBXBuildFile section */
		110316E7207E625C009BD82A /* Name.xib in Resources */ = {isa = PBXBuildFile; fileRef = 110316E6207E625C009BD82A /* Name.xib */; };
		110316E9207E628E009BD82A /* NameCell.swift in Sources */ = {isa = PBXBuildFile; fileRef = 110316E8207E628E009BD82A /* NameCell.swift */; };
		112A6CEB207FCE3800D8478F /* ingredientCell.xib in Resources */ = {isa = PBXBuildFile; fileRef = 112A6CEA207FCE3800D8478F /* ingredientCell.xib */; };
		112A6CED207FFBEE00D8478F /* RecipeCell.swift in Sources */ = {isa = PBXBuildFile; fileRef = 112A6CEC207FFBEE00D8478F /* RecipeCell.swift */; };
		112A6CEF2080106300D8478F /* Note.xib in Resources */ = {isa = PBXBuildFile; fileRef = 112A6CEE2080106300D8478F /* Note.xib */; };
		112A6CF12080109500D8478F /* NoteCell.swift in Sources */ = {isa = PBXBuildFile; fileRef = 112A6CF02080109500D8478F /* NoteCell.swift */; };
		113E2E59207BF1B000A0A0B9 /* ViewRecipeVC.swift in Sources */ = {isa = PBXBuildFile; fileRef = 113E2E58207BF1B000A0A0B9 /* ViewRecipeVC.swift */; };
		114FE1D12077C8D1007F2C85 /* EditRecipeTableVC.swift in Sources */ = {isa = PBXBuildFile; fileRef = 114FE1D02077C8D1007F2C85 /* EditRecipeTableVC.swift */; };
		114FE1D32077CBCA007F2C85 /* IngredientCell.swift in Sources */ = {isa = PBXBuildFile; fileRef = 114FE1D22077CBCA007F2C85 /* IngredientCell.swift */; };
		1153409A20746BC300E96433 /* FileManagerExtension.swift in Sources */ = {isa = PBXBuildFile; fileRef = 1153409920746BC300E96433 /* FileManagerExtension.swift */; };
		1183FBA9207D83AA00593C63 /* Ingredient.xib in Resources */ = {isa = PBXBuildFile; fileRef = 1183FBA8207D83AA00593C63 /* Ingredient.xib */; };
		1183FBAB207D9DC500593C63 /* Direction.xib in Resources */ = {isa = PBXBuildFile; fileRef = 1183FBAA207D9DC500593C63 /* Direction.xib */; };
		1183FBAE207D9FF400593C63 /* DirectionCell.swift in Sources */ = {isa = PBXBuildFile; fileRef = 1183FBAD207D9FF400593C63 /* DirectionCell.swift */; };
		1183FBB1207DA27100593C63 /* IngredientCollectionCell.swift in Sources */ = {isa = PBXBuildFile; fileRef = 1183FBB0207DA27100593C63 /* IngredientCollectionCell.swift */; };
		1183FBB3207DC17700593C63 /* Image.xib in Resources */ = {isa = PBXBuildFile; fileRef = 1183FBB2207DC17700593C63 /* Image.xib */; };
		1183FBB7207DC24700593C63 /* ImageCell.swift in Sources */ = {isa = PBXBuildFile; fileRef = 1183FBB6207DC24700593C63 /* ImageCell.swift */; };
		11A9F75C2073291000007F48 /* RecipeTableVC.swift in Sources */ = {isa = PBXBuildFile; fileRef = 11A9F75B2073291000007F48 /* RecipeTableVC.swift */; };
		11A9F76220732A1500007F48 /* Recipe.swift in Sources */ = {isa = PBXBuildFile; fileRef = 11A9F76120732A1500007F48 /* Recipe.swift */; };
		11A9F7642073313400007F48 /* RecipeData.swift in Sources */ = {isa = PBXBuildFile; fileRef = 11A9F7632073313400007F48 /* RecipeData.swift */; };
		11C10822207325D300905364 /* AppDelegate.swift in Sources */ = {isa = PBXBuildFile; fileRef = 11C10821207325D300905364 /* AppDelegate.swift */; };
		11C10827207325D300905364 /* Main.storyboard in Resources */ = {isa = PBXBuildFile; fileRef = 11C10825207325D300905364 /* Main.storyboard */; };
		11C10829207325D500905364 /* Assets.xcassets in Resources */ = {isa = PBXBuildFile; fileRef = 11C10828207325D500905364 /* Assets.xcassets */; };
		11C1082C207325D500905364 /* LaunchScreen.storyboard in Resources */ = {isa = PBXBuildFile; fileRef = 11C1082A207325D500905364 /* LaunchScreen.storyboard */; };
/* End PBXBuildFile section */

/* Begin PBXFileReference section */
		110316E6207E625C009BD82A /* Name.xib */ = {isa = PBXFileReference; lastKnownFileType = file.xib; path = Name.xib; sourceTree = "<group>"; };
		110316E8207E628E009BD82A /* NameCell.swift */ = {isa = PBXFileReference; lastKnownFileType = sourcecode.swift; path = NameCell.swift; sourceTree = "<group>"; };
		112A6CEA207FCE3800D8478F /* ingredientCell.xib */ = {isa = PBXFileReference; lastKnownFileType = file.xib; path = ingredientCell.xib; sourceTree = "<group>"; };
		112A6CEC207FFBEE00D8478F /* RecipeCell.swift */ = {isa = PBXFileReference; lastKnownFileType = sourcecode.swift; name = RecipeCell.swift; path = BakersDozen/Cells/RecipeCell.swift; sourceTree = SOURCE_ROOT; };
		112A6CEE2080106300D8478F /* Note.xib */ = {isa = PBXFileReference; lastKnownFileType = file.xib; path = Note.xib; sourceTree = "<group>"; };
		112A6CF02080109500D8478F /* NoteCell.swift */ = {isa = PBXFileReference; lastKnownFileType = sourcecode.swift; path = NoteCell.swift; sourceTree = "<group>"; };
		113E2E58207BF1B000A0A0B9 /* ViewRecipeVC.swift */ = {isa = PBXFileReference; lastKnownFileType = sourcecode.swift; name = ViewRecipeVC.swift; path = BakersDozen/VC/ViewRecipeVC.swift; sourceTree = SOURCE_ROOT; };
		114FE1D02077C8D1007F2C85 /* EditRecipeTableVC.swift */ = {isa = PBXFileReference; lastKnownFileType = sourcecode.swift; name = EditRecipeTableVC.swift; path = BakersDozen/VC/EditRecipeTableVC.swift; sourceTree = SOURCE_ROOT; };
		114FE1D22077CBCA007F2C85 /* IngredientCell.swift */ = {isa = PBXFileReference; lastKnownFileType = sourcecode.swift; path = IngredientCell.swift; sourceTree = "<group>"; };
		1153409920746BC300E96433 /* FileManagerExtension.swift */ = {isa = PBXFileReference; lastKnownFileType = sourcecode.swift; path = FileManagerExtension.swift; sourceTree = "<group>"; };
		1183FBA8207D83AA00593C63 /* Ingredient.xib */ = {isa = PBXFileReference; lastKnownFileType = file.xib; path = Ingredient.xib; sourceTree = "<group>"; };
		1183FBAA207D9DC500593C63 /* Direction.xib */ = {isa = PBXFileReference; lastKnownFileType = file.xib; path = Direction.xib; sourceTree = "<group>"; };
		1183FBAD207D9FF400593C63 /* DirectionCell.swift */ = {isa = PBXFileReference; lastKnownFileType = sourcecode.swift; path = DirectionCell.swift; sourceTree = "<group>"; };
		1183FBB0207DA27100593C63 /* IngredientCollectionCell.swift */ = {isa = PBXFileReference; lastKnownFileType = sourcecode.swift; name = IngredientCollectionCell.swift; path = "../New Group/IngredientCollectionCell.swift"; sourceTree = "<group>"; };
		1183FBB2207DC17700593C63 /* Image.xib */ = {isa = PBXFileReference; lastKnownFileType = file.xib; path = Image.xib; sourceTree = "<group>"; };
		1183FBB6207DC24700593C63 /* ImageCell.swift */ = {isa = PBXFileReference; lastKnownFileType = sourcecode.swift; path = ImageCell.swift; sourceTree = "<group>"; };
		11A9F75B2073291000007F48 /* RecipeTableVC.swift */ = {isa = PBXFileReference; lastKnownFileType = sourcecode.swift; path = RecipeTableVC.swift; sourceTree = "<group>"; };
		11A9F76120732A1500007F48 /* Recipe.swift */ = {isa = PBXFileReference; lastKnownFileType = sourcecode.swift; path = Recipe.swift; sourceTree = "<group>"; };
		11A9F7632073313400007F48 /* RecipeData.swift */ = {isa = PBXFileReference; lastKnownFileType = sourcecode.swift; path = RecipeData.swift; sourceTree = "<group>"; };
		11C1081E207325D300905364 /* BakersDozen.app */ = {isa = PBXFileReference; explicitFileType = wrapper.application; includeInIndex = 0; path = BakersDozen.app; sourceTree = BUILT_PRODUCTS_DIR; };
		11C10821207325D300905364 /* AppDelegate.swift */ = {isa = PBXFileReference; lastKnownFileType = sourcecode.swift; path = AppDelegate.swift; sourceTree = "<group>"; };
		11C10826207325D300905364 /* Base */ = {isa = PBXFileReference; lastKnownFileType = file.storyboard; name = Base; path = Base.lproj/Main.storyboard; sourceTree = "<group>"; };
		11C10828207325D500905364 /* Assets.xcassets */ = {isa = PBXFileReference; lastKnownFileType = folder.assetcatalog; path = Assets.xcassets; sourceTree = "<group>"; };
		11C1082B207325D500905364 /* Base */ = {isa = PBXFileReference; lastKnownFileType = file.storyboard; name = Base; path = Base.lproj/LaunchScreen.storyboard; sourceTree = "<group>"; };
		11C1082D207325D500905364 /* Info.plist */ = {isa = PBXFileReference; lastKnownFileType = text.plist.xml; path = Info.plist; sourceTree = "<group>"; };
/* End PBXFileReference section */

/* Begin PBXFrameworksBuildPhase section */
		11C1081B207325D300905364 /* Frameworks */ = {
			isa = PBXFrameworksBuildPhase;
			buildActionMask = 2147483647;
			files = (
			);
			runOnlyForDeploymentPostprocessing = 0;
		};
/* End PBXFrameworksBuildPhase section */

/* Begin PBXGroup section */
		1153409820746BB400E96433 /* Lib */ = {
			isa = PBXGroup;
			children = (
				1153409920746BC300E96433 /* FileManagerExtension.swift */,
			);
			path = Lib;
			sourceTree = "<group>";
		};
		1183FBAC207D9FD300593C63 /* Cells */ = {
			isa = PBXGroup;
			children = (
				112A6CF02080109500D8478F /* NoteCell.swift */,
				112A6CEC207FFBEE00D8478F /* RecipeCell.swift */,
				110316E8207E628E009BD82A /* NameCell.swift */,
				1183FBB6207DC24700593C63 /* ImageCell.swift */,
				114FE1D22077CBCA007F2C85 /* IngredientCell.swift */,
				1183FBB0207DA27100593C63 /* IngredientCollectionCell.swift */,
				1183FBAD207D9FF400593C63 /* DirectionCell.swift */,
			);
			path = Cells;
			sourceTree = "<group>";
		};
		1183FBAF207D9FF900593C63 /* Cell_Storyboards */ = {
			isa = PBXGroup;
			children = (
				112A6CEE2080106300D8478F /* Note.xib */,
				1183FBA8207D83AA00593C63 /* Ingredient.xib */,
				1183FBAA207D9DC500593C63 /* Direction.xib */,
				1183FBB2207DC17700593C63 /* Image.xib */,
				112A6CEA207FCE3800D8478F /* ingredientCell.xib */,
				110316E6207E625C009BD82A /* Name.xib */,
			);
			path = Cell_Storyboards;
			sourceTree = "<group>";
		};
		11A9F75D2073292200007F48 /* VC */ = {
			isa = PBXGroup;
			children = (
				11A9F75B2073291000007F48 /* RecipeTableVC.swift */,
				114FE1D02077C8D1007F2C85 /* EditRecipeTableVC.swift */,
				113E2E58207BF1B000A0A0B9 /* ViewRecipeVC.swift */,
			);
			name = VC;
			path = "New Group";
			sourceTree = "<group>";
		};
		11A9F75E2073293500007F48 /* Model */ = {
			isa = PBXGroup;
			children = (
				11A9F7632073313400007F48 /* RecipeData.swift */,
				11A9F76120732A1500007F48 /* Recipe.swift */,
			);
			path = Model;
			sourceTree = "<group>";
		};
		11C10815207325D300905364 = {
			isa = PBXGroup;
			children = (
				11C10820207325D300905364 /* BakersDozen */,
				11C1081F207325D300905364 /* Products */,
			);
			sourceTree = "<group>";
		};
		11C1081F207325D300905364 /* Products */ = {
			isa = PBXGroup;
			children = (
				11C1081E207325D300905364 /* BakersDozen.app */,
			);
			name = Products;
			sourceTree = "<group>";
		};
		11C10820207325D300905364 /* BakersDozen */ = {
			isa = PBXGroup;
			children = (
				1183FBAF207D9FF900593C63 /* Cell_Storyboards */,
				1183FBAC207D9FD300593C63 /* Cells */,
				1153409820746BB400E96433 /* Lib */,
				11A9F75E2073293500007F48 /* Model */,
				11A9F75D2073292200007F48 /* VC */,
				11C10821207325D300905364 /* AppDelegate.swift */,
				11C10825207325D300905364 /* Main.storyboard */,
				11C10828207325D500905364 /* Assets.xcassets */,
				11C1082A207325D500905364 /* LaunchScreen.storyboard */,
				11C1082D207325D500905364 /* Info.plist */,
			);
			path = BakersDozen;
			sourceTree = "<group>";
		};
/* End PBXGroup section */

/* Begin PBXNativeTarget section */
		11C1081D207325D300905364 /* BakersDozen */ = {
			isa = PBXNativeTarget;
			buildConfigurationList = 11C10830207325D500905364 /* Build configuration list for PBXNativeTarget "BakersDozen" */;
			buildPhases = (
				11C1081A207325D300905364 /* Sources */,
				11C1081B207325D300905364 /* Frameworks */,
				11C1081C207325D300905364 /* Resources */,
			);
			buildRules = (
			);
			dependencies = (
			);
			name = BakersDozen;
			productName = BakersDozen;
			productReference = 11C1081E207325D300905364 /* BakersDozen.app */;
			productType = "com.apple.product-type.application";
		};
/* End PBXNativeTarget section */

/* Begin PBXProject section */
		11C10816207325D300905364 /* Project object */ = {
			isa = PBXProject;
			attributes = {
				LastSwiftUpdateCheck = 0930;
				LastUpgradeCheck = 0930;
				ORGANIZATIONNAME = "Juri Kiin";
				TargetAttributes = {
					11C1081D207325D300905364 = {
						CreatedOnToolsVersion = 9.3;
					};
				};
			};
			buildConfigurationList = 11C10819207325D300905364 /* Build configuration list for PBXProject "BakersDozen" */;
			compatibilityVersion = "Xcode 9.3";
			developmentRegion = en;
			hasScannedForEncodings = 0;
			knownRegions = (
				en,
				Base,
			);
			mainGroup = 11C10815207325D300905364;
			productRefGroup = 11C1081F207325D300905364 /* Products */;
			projectDirPath = "";
			projectRoot = "";
			targets = (
				11C1081D207325D300905364 /* BakersDozen */,
			);
		};
/* End PBXProject section */

/* Begin PBXResourcesBuildPhase section */
		11C1081C207325D300905364 /* Resources */ = {
			isa = PBXResourcesBuildPhase;
			buildActionMask = 2147483647;
			files = (
				1183FBA9207D83AA00593C63 /* Ingredient.xib in Resources */,
				11C1082C207325D500905364 /* LaunchScreen.storyboard in Resources */,
				1183FBAB207D9DC500593C63 /* Direction.xib in Resources */,
				1183FBB3207DC17700593C63 /* Image.xib in Resources */,
				112A6CEF2080106300D8478F /* Note.xib in Resources */,
				112A6CEB207FCE3800D8478F /* ingredientCell.xib in Resources */,
				11C10829207325D500905364 /* Assets.xcassets in Resources */,
				11C10827207325D300905364 /* Main.storyboard in Resources */,
				110316E7207E625C009BD82A /* Name.xib in Resources */,
			);
			runOnlyForDeploymentPostprocessing = 0;
		};
/* End PBXResourcesBuildPhase section */

/* Begin PBXSourcesBuildPhase section */
		11C1081A207325D300905364 /* Sources */ = {
			isa = PBXSourcesBuildPhase;
			buildActionMask = 2147483647;
			files = (
				11A9F75C2073291000007F48 /* RecipeTableVC.swift in Sources */,
				1153409A20746BC300E96433 /* FileManagerExtension.swift in Sources */,
				114FE1D32077CBCA007F2C85 /* IngredientCell.swift in Sources */,
				112A6CED207FFBEE00D8478F /* RecipeCell.swift in Sources */,
				110316E9207E628E009BD82A /* NameCell.swift in Sources */,
				112A6CF12080109500D8478F /* NoteCell.swift in Sources */,
				1183FBAE207D9FF400593C63 /* DirectionCell.swift in Sources */,
				114FE1D12077C8D1007F2C85 /* EditRecipeTableVC.swift in Sources */,
				1183FBB7207DC24700593C63 /* ImageCell.swift in Sources */,
				11C10822207325D300905364 /* AppDelegate.swift in Sources */,
				1183FBB1207DA27100593C63 /* IngredientCollectionCell.swift in Sources */,
				11A9F7642073313400007F48 /* RecipeData.swift in Sources */,
				113E2E59207BF1B000A0A0B9 /* ViewRecipeVC.swift in Sources */,
				11A9F76220732A1500007F48 /* Recipe.swift in Sources */,
			);
			runOnlyForDeploymentPostprocessing = 0;
		};
/* End PBXSourcesBuildPhase section */

/* Begin PBXVariantGroup section */
		11C10825207325D300905364 /* Main.storyboard */ = {
			isa = PBXVariantGroup;
			children = (
				11C10826207325D300905364 /* Base */,
			);
			name = Main.storyboard;
			sourceTree = "<group>";
		};
		11C1082A207325D500905364 /* LaunchScreen.storyboard */ = {
			isa = PBXVariantGroup;
			children = (
				11C1082B207325D500905364 /* Base */,
			);
			name = LaunchScreen.storyboard;
			sourceTree = "<group>";
		};
/* End PBXVariantGroup section */

/* Begin XCBuildConfiguration section */
		11C1082E207325D500905364 /* Debug */ = {
			isa = XCBuildConfiguration;
			buildSettings = {
				ALWAYS_SEARCH_USER_PATHS = NO;
				CLANG_ANALYZER_NONNULL = YES;
				CLANG_ANALYZER_NUMBER_OBJECT_CONVERSION = YES_AGGRESSIVE;
				CLANG_CXX_LANGUAGE_STANDARD = "gnu++14";
				CLANG_CXX_LIBRARY = "libc++";
				CLANG_ENABLE_MODULES = YES;
				CLANG_ENABLE_OBJC_ARC = YES;
				CLANG_ENABLE_OBJC_WEAK = YES;
				CLANG_WARN_BLOCK_CAPTURE_AUTORELEASING = YES;
				CLANG_WARN_BOOL_CONVERSION = YES;
				CLANG_WARN_COMMA = YES;
				CLANG_WARN_CONSTANT_CONVERSION = YES;
				CLANG_WARN_DEPRECATED_OBJC_IMPLEMENTATIONS = YES;
				CLANG_WARN_DIRECT_OBJC_ISA_USAGE = YES_ERROR;
				CLANG_WARN_DOCUMENTATION_COMMENTS = YES;
				CLANG_WARN_EMPTY_BODY = YES;
				CLANG_WARN_ENUM_CONVERSION = YES;
				CLANG_WARN_INFINITE_RECURSION = YES;
				CLANG_WARN_INT_CONVERSION = YES;
				CLANG_WARN_NON_LITERAL_NULL_CONVERSION = YES;
				CLANG_WARN_OBJC_IMPLICIT_RETAIN_SELF = YES;
				CLANG_WARN_OBJC_LITERAL_CONVERSION = YES;
				CLANG_WARN_OBJC_ROOT_CLASS = YES_ERROR;
				CLANG_WARN_RANGE_LOOP_ANALYSIS = YES;
				CLANG_WARN_STRICT_PROTOTYPES = YES;
				CLANG_WARN_SUSPICIOUS_MOVE = YES;
				CLANG_WARN_UNGUARDED_AVAILABILITY = YES_AGGRESSIVE;
				CLANG_WARN_UNREACHABLE_CODE = YES;
				CLANG_WARN__DUPLICATE_METHOD_MATCH = YES;
				CODE_SIGN_IDENTITY = "iPhone Developer";
				COPY_PHASE_STRIP = NO;
				DEBUG_INFORMATION_FORMAT = dwarf;
				ENABLE_STRICT_OBJC_MSGSEND = YES;
				ENABLE_TESTABILITY = YES;
				GCC_C_LANGUAGE_STANDARD = gnu11;
				GCC_DYNAMIC_NO_PIC = NO;
				GCC_NO_COMMON_BLOCKS = YES;
				GCC_OPTIMIZATION_LEVEL = 0;
				GCC_PREPROCESSOR_DEFINITIONS = (
					"DEBUG=1",
					"$(inherited)",
				);
				GCC_WARN_64_TO_32_BIT_CONVERSION = YES;
				GCC_WARN_ABOUT_RETURN_TYPE = YES_ERROR;
				GCC_WARN_UNDECLARED_SELECTOR = YES;
				GCC_WARN_UNINITIALIZED_AUTOS = YES_AGGRESSIVE;
				GCC_WARN_UNUSED_FUNCTION = YES;
				GCC_WARN_UNUSED_VARIABLE = YES;
				IPHONEOS_DEPLOYMENT_TARGET = 11.3;
				MTL_ENABLE_DEBUG_INFO = YES;
				ONLY_ACTIVE_ARCH = YES;
				SDKROOT = iphoneos;
				SWIFT_ACTIVE_COMPILATION_CONDITIONS = DEBUG;
				SWIFT_OPTIMIZATION_LEVEL = "-Onone";
			};
			name = Debug;
		};
		11C1082F207325D500905364 /* Release */ = {
			isa = XCBuildConfiguration;
			buildSettings = {
				ALWAYS_SEARCH_USER_PATHS = NO;
				CLANG_ANALYZER_NONNULL = YES;
				CLANG_ANALYZER_NUMBER_OBJECT_CONVERSION = YES_AGGRESSIVE;
				CLANG_CXX_LANGUAGE_STANDARD = "gnu++14";
				CLANG_CXX_LIBRARY = "libc++";
				CLANG_ENABLE_MODULES = YES;
				CLANG_ENABLE_OBJC_ARC = YES;
				CLANG_ENABLE_OBJC_WEAK = YES;
				CLANG_WARN_BLOCK_CAPTURE_AUTORELEASING = YES;
				CLANG_WARN_BOOL_CONVERSION = YES;
				CLANG_WARN_COMMA = YES;
				CLANG_WARN_CONSTANT_CONVERSION = YES;
				CLANG_WARN_DEPRECATED_OBJC_IMPLEMENTATIONS = YES;
				CLANG_WARN_DIRECT_OBJC_ISA_USAGE = YES_ERROR;
				CLANG_WARN_DOCUMENTATION_COMMENTS = YES;
				CLANG_WARN_EMPTY_BODY = YES;
				CLANG_WARN_ENUM_CONVERSION = YES;
				CLANG_WARN_INFINITE_RECURSION = YES;
				CLANG_WARN_INT_CONVERSION = YES;
				CLANG_WARN_NON_LITERAL_NULL_CONVERSION = YES;
				CLANG_WARN_OBJC_IMPLICIT_RETAIN_SELF = YES;
				CLANG_WARN_OBJC_LITERAL_CONVERSION = YES;
				CLANG_WARN_OBJC_ROOT_CLASS = YES_ERROR;
				CLANG_WARN_RANGE_LOOP_ANALYSIS = YES;
				CLANG_WARN_STRICT_PROTOTYPES = YES;
				CLANG_WARN_SUSPICIOUS_MOVE = YES;
				CLANG_WARN_UNGUARDED_AVAILABILITY = YES_AGGRESSIVE;
				CLANG_WARN_UNREACHABLE_CODE = YES;
				CLANG_WARN__DUPLICATE_METHOD_MATCH = YES;
				CODE_SIGN_IDENTITY = "iPhone Developer";
				COPY_PHASE_STRIP = NO;
				DEBUG_INFORMATION_FORMAT = "dwarf-with-dsym";
				ENABLE_NS_ASSERTIONS = NO;
				ENABLE_STRICT_OBJC_MSGSEND = YES;
				GCC_C_LANGUAGE_STANDARD = gnu11;
				GCC_NO_COMMON_BLOCKS = YES;
				GCC_WARN_64_TO_32_BIT_CONVERSION = YES;
				GCC_WARN_ABOUT_RETURN_TYPE = YES_ERROR;
				GCC_WARN_UNDECLARED_SELECTOR = YES;
				GCC_WARN_UNINITIALIZED_AUTOS = YES_AGGRESSIVE;
				GCC_WARN_UNUSED_FUNCTION = YES;
				GCC_WARN_UNUSED_VARIABLE = YES;
				IPHONEOS_DEPLOYMENT_TARGET = 11.3;
				MTL_ENABLE_DEBUG_INFO = NO;
				SDKROOT = iphoneos;
				SWIFT_COMPILATION_MODE = wholemodule;
				SWIFT_OPTIMIZATION_LEVEL = "-O";
				VALIDATE_PRODUCT = YES;
			};
			name = Release;
		};
		11C10831207325D500905364 /* Debug */ = {
			isa = XCBuildConfiguration;
			buildSettings = {
				ASSETCATALOG_COMPILER_APPICON_NAME = AppIcon;
				CODE_SIGN_STYLE = Automatic;
				DEVELOPMENT_TEAM = FT5TU5KEM8;
				INFOPLIST_FILE = BakersDozen/Info.plist;
				IPHONEOS_DEPLOYMENT_TARGET = 11.0;
				LD_RUNPATH_SEARCH_PATHS = (
					"$(inherited)",
					"@executable_path/Frameworks",
				);
				PRODUCT_BUNDLE_IDENTIFIER = com.jurikiin.BakersDozen;
				PRODUCT_NAME = "$(TARGET_NAME)";
				SWIFT_VERSION = 4.0;
				TARGETED_DEVICE_FAMILY = "1,2";
			};
			name = Debug;
		};
		11C10832207325D500905364 /* Release */ = {
			isa = XCBuildConfiguration;
			buildSettings = {
				ASSETCATALOG_COMPILER_APPICON_NAME = AppIcon;
				CODE_SIGN_STYLE = Automatic;
				DEVELOPMENT_TEAM = FT5TU5KEM8;
				INFOPLIST_FILE = BakersDozen/Info.plist;
				IPHONEOS_DEPLOYMENT_TARGET = 11.0;
				LD_RUNPATH_SEARCH_PATHS = (
					"$(inherited)",
					"@executable_path/Frameworks",
				);
				PRODUCT_BUNDLE_IDENTIFIER = com.jurikiin.BakersDozen;
				PRODUCT_NAME = "$(TARGET_NAME)";
				SWIFT_VERSION = 4.0;
				TARGETED_DEVICE_FAMILY = "1,2";
			};
			name = Release;
		};
/* End XCBuildConfiguration section */

/* Begin XCConfigurationList section */
		11C10819207325D300905364 /* Build configuration list for PBXProject "BakersDozen" */ = {
			isa = XCConfigurationList;
			buildConfigurations = (
				11C1082E207325D500905364 /* Debug */,
				11C1082F207325D500905364 /* Release */,
			);
			defaultConfigurationIsVisible = 0;
			defaultConfigurationName = Release;
		};
		11C10830207325D500905364 /* Build configuration list for PBXNativeTarget "BakersDozen" */ = {
			isa = XCConfigurationList;
			buildConfigurations = (
				11C10831207325D500905364 /* Debug */,
				11C10832207325D500905364 /* Release */,
			);
			defaultConfigurationIsVisible = 0;
			defaultConfigurationName = Release;
		};
/* End XCConfigurationList section */
	};
	rootObject = 11C10816207325D300905364 /* Project object */;
}
